{
  "nodes": {
    "nixpkgs": {
      "locked": {
        "lastModified": 1613357943,
        "narHash": "sha256-XxCES6fX/YfpLQfiqyo0Hz+X+KhDK7mv1+yDqWfZ0Ow=",
        "owner": "NixOS",
        "repo": "nixpkgs",
        "rev": "b393356aeb284449ac49c94e645fe538e603589c",
        "type": "github"
      },
      "original": {
        "id": "nixpkgs",
        "type": "indirect"
      }
    },
    "root": {
      "inputs": {
        "nixpkgs": "nixpkgs"
      }
    }
  },
  "root": "root",
  "version": 7
}
