{
  "nodes": {
    "nixpkgs": {
      "locked": {
        "lastModified": 1604926481,
        "narHash": "sha256-PubddMZJEUyPXqJdFR6+r2Kq1lp+OIWhgspt+VwRXzo=",
        "owner": "NixOS",
        "repo": "nixpkgs",
        "rev": "a5736eca8e120558cfc329f52082b889733024ae",
        "type": "github"
      },
      "original": {
        "id": "nixpkgs",
        "type": "indirect"
      }
    },
    "root": {
      "inputs": {
        "nixpkgs": "nixpkgs"
      }
    }
  },
  "root": "root",
  "version": 7
}
