{
  "nodes": {
    "nixpkgs": {
      "locked": {
        "lastModified": 1623352456,
        "narHash": "sha256-sHfQs4YfZ4cnXS/XgznWRGpGk/ecghLKQxj7OKRSVYo=",
        "owner": "NixOS",
        "repo": "nixpkgs",
        "rev": "c58707d2b36a022e62accafb87fb9e2c65a72b1b",
        "type": "github"
      },
      "original": {
        "id": "nixpkgs",
        "type": "indirect"
      }
    },
    "root": {
      "inputs": {
        "nixpkgs": "nixpkgs"
      }
    }
  },
  "root": "root",
  "version": 7
}
